
Microsoft Visual Studio Solution File, Format Version 12.00
Project("{FAE04EC0-301F-11D3-BF4B-00C04F79EFBC}") = "UserTracker", "UserTracker\UserTracker.csproj", "{B878EA74-3293-48A7-A5D7-383B8866AD9A}"
EndProject
Global
	GlobalSection(SolutionConfigurationPlatforms) = preSolution
		Debug|Any CPU = Debug|Any CPU
		Release|Any CPU = Release|Any CPU
	EndGlobalSection
	GlobalSection(ProjectConfigurationPlatforms) = postSolution
		{B878EA74-3293-48A7-A5D7-383B8866AD9A}.Debug|Any CPU.ActiveCfg = Debug|Any CPU
		{B878EA74-3293-48A7-A5D7-383B8866AD9A}.Debug|Any CPU.Build.0 = Debug|Any CPU
		{B878EA74-3293-48A7-A5D7-383B8866AD9A}.Release|Any CPU.ActiveCfg = Release|Any CPU
		{B878EA74-3293-48A7-A5D7-383B8866AD9A}.Release|Any CPU.Build.0 = Release|Any CPU
	EndGlobalSection
EndGlobal
